
Microsoft Visual Studio Solution File, Format Version 12.00
# Visual Studio Version 17
VisualStudioVersion = 17.4.33403.182
MinimumVisualStudioVersion = 10.0.40219.1
Project("{FAE04EC0-301F-11D3-BF4B-00C04F79EFBC}") = "Lecture3Exercise3", "Lecture3Exercise4\Lecture3Exercise3.csproj", "{CE734A06-5BF8-48EF-B6C2-BB08CDEC80D0}"
EndProject
Global
	GlobalSection(SolutionConfigurationPlatforms) = preSolution
		Debug|Any CPU = Debug|Any CPU
		Release|Any CPU = Release|Any CPU
	EndGlobalSection
	GlobalSection(ProjectConfigurationPlatforms) = postSolution
		{CE734A06-5BF8-48EF-B6C2-BB08CDEC80D0}.Debug|Any CPU.ActiveCfg = Debug|Any CPU
		{CE734A06-5BF8-48EF-B6C2-BB08CDEC80D0}.Debug|Any CPU.Build.0 = Debug|Any CPU
		{CE734A06-5BF8-48EF-B6C2-BB08CDEC80D0}.Release|Any CPU.ActiveCfg = Release|Any CPU
		{CE734A06-5BF8-48EF-B6C2-BB08CDEC80D0}.Release|Any CPU.Build.0 = Release|Any CPU
	EndGlobalSection
	GlobalSection(SolutionProperties) = preSolution
		HideSolutionNode = FALSE
	EndGlobalSection
	GlobalSection(ExtensibilityGlobals) = postSolution
		SolutionGuid = {3CE0A028-649C-4949-BF70-A8C705A4562A}
	EndGlobalSection
EndGlobal
